github.com/mattn/go-sqlite3 v1.14.44 h1:3VSe+xafpbzsLbdr2AWlAZk9yRHiBhTBakioXaCKTF8=
github.com/mattn/go-sqlite3 v1.14.44/go.mod h1:pjEuOr8IwzLJP2MfGeTb0A35jauH+C2kbHKBr7yXKVQ=
github.com/uber/h3-go/v4 v4.5.0 h1:7ruJoHCtYOCyihXfQRsPb4o6CfkhCBtVeZFM7+z1kww=
github.com/uber/h3-go/v4 v4.5.0/go.mod h1:19vfSV5HQsnRZev7V0SPmTkVSZErL7/io8M/nx+++30=
gonum.org/v1/gonum v0.17.0 h1:VbpOemQlsSMrYmn7T2OUvQ4dqxQXU+ouZFQsZOx50z4=
gonum.org/v1/gonum v0.17.0/go.mod h1:El3tOrEuMpv2UdMrbNlKEh9vd86bmQ6vqIcDwxEOc1E=
